
Microsoft Visual Studio Solution File, Format Version 12.00
# Visual Studio Version 16
VisualStudioVersion = 16.0.31313.79
MinimumVisualStudioVersion = 10.0.40219.1
Project("{888888A0-9F3D-457C-B088-3A5042F75D52}") = "CA_3", "CA_3.pyproj", "{AED12AD3-B333-4E26-B6A4-50C18957796A}"
EndProject
Global
	GlobalSection(SolutionConfigurationPlatforms) = preSolution
		Debug|Any CPU = Debug|Any CPU
		Release|Any CPU = Release|Any CPU
	EndGlobalSection
	GlobalSection(ProjectConfigurationPlatforms) = postSolution
		{AED12AD3-B333-4E26-B6A4-50C18957796A}.Debug|Any CPU.ActiveCfg = Debug|Any CPU
		{AED12AD3-B333-4E26-B6A4-50C18957796A}.Release|Any CPU.ActiveCfg = Release|Any CPU
	EndGlobalSection
	GlobalSection(SolutionProperties) = preSolution
		HideSolutionNode = FALSE
	EndGlobalSection
	GlobalSection(ExtensibilityGlobals) = postSolution
		SolutionGuid = {8D9E08E0-957B-4FE4-9687-B77423AA0CDC}
	EndGlobalSection
EndGlobal
