
Microsoft Visual Studio Solution File, Format Version 12.00
# Visual Studio Version 16
VisualStudioVersion = 16.0.31313.79
MinimumVisualStudioVersion = 10.0.40219.1
Project("{888888A0-9F3D-457C-B088-3A5042F75D52}") = "CA_2", "CA_2.pyproj", "{905D2216-91D7-45DC-A052-8387EF75AC45}"
EndProject
Global
	GlobalSection(SolutionConfigurationPlatforms) = preSolution
		Debug|Any CPU = Debug|Any CPU
		Release|Any CPU = Release|Any CPU
	EndGlobalSection
	GlobalSection(ProjectConfigurationPlatforms) = postSolution
		{905D2216-91D7-45DC-A052-8387EF75AC45}.Debug|Any CPU.ActiveCfg = Debug|Any CPU
		{905D2216-91D7-45DC-A052-8387EF75AC45}.Release|Any CPU.ActiveCfg = Release|Any CPU
	EndGlobalSection
	GlobalSection(SolutionProperties) = preSolution
		HideSolutionNode = FALSE
	EndGlobalSection
	GlobalSection(ExtensibilityGlobals) = postSolution
		SolutionGuid = {8C6C76BA-7383-4BB6-9015-52CFC5DAD69D}
	EndGlobalSection
EndGlobal
