
Microsoft Visual Studio Solution File, Format Version 12.00
# Visual Studio Version 16
VisualStudioVersion = 16.0.31313.79
MinimumVisualStudioVersion = 10.0.40219.1
Project("{888888A0-9F3D-457C-B088-3A5042F75D52}") = "CA_1", "CA_1.pyproj", "{E793A6F7-08D0-4B55-AB63-1921C328A026}"
EndProject
Global
	GlobalSection(SolutionConfigurationPlatforms) = preSolution
		Debug|Any CPU = Debug|Any CPU
		Release|Any CPU = Release|Any CPU
	EndGlobalSection
	GlobalSection(ProjectConfigurationPlatforms) = postSolution
		{E793A6F7-08D0-4B55-AB63-1921C328A026}.Debug|Any CPU.ActiveCfg = Debug|Any CPU
		{E793A6F7-08D0-4B55-AB63-1921C328A026}.Release|Any CPU.ActiveCfg = Release|Any CPU
	EndGlobalSection
	GlobalSection(SolutionProperties) = preSolution
		HideSolutionNode = FALSE
	EndGlobalSection
	GlobalSection(ExtensibilityGlobals) = postSolution
		SolutionGuid = {06CEC056-9378-400C-A4D9-FF8965C1905E}
	EndGlobalSection
EndGlobal
