
Microsoft Visual Studio Solution File, Format Version 12.00
# Visual Studio Version 16
VisualStudioVersion = 16.0.31313.79
MinimumVisualStudioVersion = 10.0.40219.1
Project("{888888A0-9F3D-457C-B088-3A5042F75D52}") = "CA_4", "CA_4.pyproj", "{727C59BF-E37D-4FB5-89E2-669DD4B552FB}"
EndProject
Global
	GlobalSection(SolutionConfigurationPlatforms) = preSolution
		Debug|Any CPU = Debug|Any CPU
		Release|Any CPU = Release|Any CPU
	EndGlobalSection
	GlobalSection(ProjectConfigurationPlatforms) = postSolution
		{727C59BF-E37D-4FB5-89E2-669DD4B552FB}.Debug|Any CPU.ActiveCfg = Debug|Any CPU
		{727C59BF-E37D-4FB5-89E2-669DD4B552FB}.Release|Any CPU.ActiveCfg = Release|Any CPU
	EndGlobalSection
	GlobalSection(SolutionProperties) = preSolution
		HideSolutionNode = FALSE
	EndGlobalSection
	GlobalSection(ExtensibilityGlobals) = postSolution
		SolutionGuid = {6370CC22-B19E-4593-9647-C54F1452DAD3}
	EndGlobalSection
EndGlobal
