
Microsoft Visual Studio Solution File, Format Version 12.00
# Visual Studio Version 16
VisualStudioVersion = 16.0.30517.126
MinimumVisualStudioVersion = 10.0.40219.1
Project("{FAE04EC0-301F-11D3-BF4B-00C04F79EFBC}") = "CA", "CA.csproj", "{54F3EAAA-6476-4010-B3F3-580255A3C147}"
EndProject
Global
	GlobalSection(SolutionConfigurationPlatforms) = preSolution
		Debug|Any CPU = Debug|Any CPU
		Release|Any CPU = Release|Any CPU
	EndGlobalSection
	GlobalSection(ProjectConfigurationPlatforms) = postSolution
		{54F3EAAA-6476-4010-B3F3-580255A3C147}.Debug|Any CPU.ActiveCfg = Debug|Any CPU
		{54F3EAAA-6476-4010-B3F3-580255A3C147}.Debug|Any CPU.Build.0 = Debug|Any CPU
		{54F3EAAA-6476-4010-B3F3-580255A3C147}.Release|Any CPU.ActiveCfg = Release|Any CPU
		{54F3EAAA-6476-4010-B3F3-580255A3C147}.Release|Any CPU.Build.0 = Release|Any CPU
	EndGlobalSection
	GlobalSection(SolutionProperties) = preSolution
		HideSolutionNode = FALSE
	EndGlobalSection
	GlobalSection(ExtensibilityGlobals) = postSolution
		SolutionGuid = {1B9C72CD-7310-491F-953D-7D13622D4F6A}
	EndGlobalSection
EndGlobal
